# THIS IS AN AUTOGENERATED FILE. DO NOT EDIT THIS FILE DIRECTLY.
# yarn lockfile v1


"@vant/touch-emulator@^1.4.0":
  "integrity" "sha512-Zt+zISV0+wpOew2S1siOJ3G22y+hapHAKmXM+FhpvWzsRc4qahaYXatCAITuuXt0EcDp7WvEeTO4F7p9AtX/pw=="
  "resolved" "https://registry.npmjs.org/@vant/touch-emulator/-/touch-emulator-1.4.0.tgz"
  "version" "1.4.0"

"@vant/weapp@^1.10.19":
  "integrity" "sha512-RStOPlSELi9lqim9dGagguViUVMNnfZaEceZ248JZgPjn5TzL2nwwHGWl9VI69SBPC+5MPS+LXm7Z4jcdscFeg=="
  "resolved" "https://mirrors.cloud.tencent.com/npm/@vant/weapp/-/weapp-1.10.19.tgz"
  "version" "1.10.19"

"text-encoding@^0.7.0":
  "integrity" "sha512-oJQ3f1hrOnbRLOcwKz0Liq2IcrvDeZRHXhd9RgLrsT+DjWY/nty1Hi7v3dtkaEYbPYe0mUoOfzRrMwfXXwgPUA=="
  "resolved" "https://registry.npmjs.org/text-encoding/-/text-encoding-0.7.0.tgz"
  "version" "0.7.0"

"vant-weapp@^0.5.29":
  "integrity" "sha512-RMc0Ga914XFwspw2WuOMU8bOHlIkua8X1DoQ/KPnGQzjwT1uEL4S7W186EmaHF1wN2krB9BVd0LdRRt39dGh6Q=="
  "resolved" "https://registry.npmmirror.com/vant-weapp/-/vant-weapp-0.5.29.tgz"
  "version" "0.5.29"

"wx-qr@^0.1.2":
  "integrity" "sha512-U9c6qtQdHYIVnv3joK7FJK1yn3Ia6JTUUaUTTl2RjSxst3NxGr21ytJQ9UngTIIn87g19udFiUHVaQvxmJ4uIQ=="
  "resolved" "https://registry.npmmirror.com/wx-qr/-/wx-qr-0.1.2.tgz"
  "version" "0.1.2"
